# This file is generated by running "yarn install" inside your project.
# Manual changes might be lost - proceed with caution!

__metadata:
  version: 8
  cacheKey: 10c0

"@adraffy/ens-normalize@npm:^1.11.0":
  version: 1.11.1
  resolution: "@adraffy/ens-normalize@npm:1.11.1"
  checksum: 10c0/b364e2a57131db278ebf2f22d1a1ac6d8aea95c49dd2bbbc1825870b38aa91fd8816aba580a1f84edc50a45eb6389213dacfd1889f32893afc8549a82d304767
  languageName: node
  linkType: hard

"@blockscout/essential-dapps-chains-config-generator@workspace:.":
  version: 0.0.0-use.local
  resolution: "@blockscout/essential-dapps-chains-config-generator@workspace:."
  dependencies:
    "@types/node": "npm:22.12.0"
    dotenv-cli: "npm:10.0.0"
    es-toolkit: "npm:1.39.10"
    typescript: "npm:5.4.2"
    viem: "npm:2.38.6"
    vite: "npm:6.4.1"
  languageName: unknown
  linkType: soft

"@esbuild/aix-ppc64@npm:0.25.10":
  version: 0.25.10
  resolution: "@esbuild/aix-ppc64@npm:0.25.10"
  conditions: os=aix & cpu=ppc64
  languageName: node
  linkType: hard

"@esbuild/android-arm64@npm:0.25.10":
  version: 0.25.10
  resolution: "@esbuild/android-arm64@npm:0.25.10"
  conditions: os=android & cpu=arm64
  languageName: node
  linkType: hard

"@esbuild/android-arm@npm:0.25.10":
  version: 0.25.10
  resolution: "@esbuild/android-arm@npm:0.25.10"
  conditions: os=android & cpu=arm
  languageName: node
  linkType: hard

"@esbuild/android-x64@npm:0.25.10":
  version: 0.25.10
  resolution: "@esbuild/android-x64@npm:0.25.10"
  conditions: os=android & cpu=x64
  languageName: node
  linkType: hard

"@esbuild/darwin-arm64@npm:0.25.10":
  version: 0.25.10
  resolution: "@esbuild/darwin-arm64@npm:0.25.10"
  conditions: os=darwin & cpu=arm64
  languageName: node
  linkType: hard

"@esbuild/darwin-x64@npm:0.25.10":
  version: 0.25.10
  resolution: "@esbuild/darwin-x64@npm:0.25.10"
  conditions: os=darwin & cpu=x64
  languageName: node
  linkType: hard

"@esbuild/freebsd-arm64@npm:0.25.10":
  version: 0.25.10
  resolution: "@esbuild/freebsd-arm64@npm:0.25.10"
  conditions: os=freebsd & cpu=arm64
  languageName: node
  linkType: hard

"@esbuild/freebsd-x64@npm:0.25.10":
  version: 0.25.10
  resolution: "@esbuild/freebsd-x64@npm:0.25.10"
  conditions: os=freebsd & cpu=x64
  languageName: node
  linkType: hard

"@esbuild/linux-arm64@npm:0.25.10":
  version: 0.25.10
  resolution: "@esbuild/linux-arm64@npm:0.25.10"
  conditions: os=linux & cpu=arm64
  languageName: node
  linkType: hard

"@esbuild/linux-arm@npm:0.25.10":
  version: 0.25.10
  resolution: "@esbuild/linux-arm@npm:0.25.10"
  conditions: os=linux & cpu=arm
  languageName: node
  linkType: hard

"@esbuild/linux-ia32@npm:0.25.10":
  version: 0.25.10
  resolution: "@esbuild/linux-ia32@npm:0.25.10"
  conditions: os=linux & cpu=ia32
  languageName: node
  linkType: hard

"@esbuild/linux-loong64@npm:0.25.10":
  version: 0.25.10
  resolution: "@esbuild/linux-loong64@npm:0.25.10"
  conditions: os=linux & cpu=loong64
  languageName: node
  linkType: hard

"@esbuild/linux-mips64el@npm:0.25.10":
  version: 0.25.10
  resolution: "@esbuild/linux-mips64el@npm:0.25.10"
  conditions: os=linux & cpu=mips64el
  languageName: node
  linkType: hard

"@esbuild/linux-ppc64@npm:0.25.10":
  version: 0.25.10
  resolution: "@esbuild/linux-ppc64@npm:0.25.10"
  conditions: os=linux & cpu=ppc64
  languageName: node
  linkType: hard

"@esbuild/linux-riscv64@npm:0.25.10":
  version: 0.25.10
  resolution: "@esbuild/linux-riscv64@npm:0.25.10"
  conditions: os=linux & cpu=riscv64
  languageName: node
  linkType: hard

"@esbuild/linux-s390x@npm:0.25.10":
  version: 0.25.10
  resolution: "@esbuild/linux-s390x@npm:0.25.10"
  conditions: os=linux & cpu=s390x
  languageName: node
  linkType: hard

"@esbuild/linux-x64@npm:0.25.10":
  version: 0.25.10
  resolution: "@esbuild/linux-x64@npm:0.25.10"
  conditions: os=linux & cpu=x64
  languageName: node
  linkType: hard

"@esbuild/netbsd-arm64@npm:0.25.10":
  version: 0.25.10
  resolution: "@esbuild/netbsd-arm64@npm:0.25.10"
  conditions: os=netbsd & cpu=arm64
  languageName: node
  linkType: hard

"@esbuild/netbsd-x64@npm:0.25.10":
  version: 0.25.10
  resolution: "@esbuild/netbsd-x64@npm:0.25.10"
  conditions: os=netbsd & cpu=x64
  languageName: node
  linkType: hard

"@esbuild/openbsd-arm64@npm:0.25.10":
  version: 0.25.10
  resolution: "@esbuild/openbsd-arm64@npm:0.25.10"
  conditions: os=openbsd & cpu=arm64
  languageName: node
  linkType: hard

"@esbuild/openbsd-x64@npm:0.25.10":
  version: 0.25.10
  resolution: "@esbuild/openbsd-x64@npm:0.25.10"
  conditions: os=openbsd & cpu=x64
  languageName: node
  linkType: hard

"@esbuild/openharmony-arm64@npm:0.25.10":
  version: 0.25.10
  resolution: "@esbuild/openharmony-arm64@npm:0.25.10"
  conditions: os=openharmony & cpu=arm64
  languageName: node
  linkType: hard

"@esbuild/sunos-x64@npm:0.25.10":
  version: 0.25.10
  resolution: "@esbuild/sunos-x64@npm:0.25.10"
  conditions: os=sunos & cpu=x64
  languageName: node
  linkType: hard

"@esbuild/win32-arm64@npm:0.25.10":
  version: 0.25.10
  resolution: "@esbuild/win32-arm64@npm:0.25.10"
  conditions: os=win32 & cpu=arm64
  languageName: node
  linkType: hard

"@esbuild/win32-ia32@npm:0.25.10":
  version: 0.25.10
  resolution: "@esbuild/win32-ia32@npm:0.25.10"
  conditions: os=win32 & cpu=ia32
  languageName: node
  linkType: hard

"@esbuild/win32-x64@npm:0.25.10":
  version: 0.25.10
  resolution: "@esbuild/win32-x64@npm:0.25.10"
  conditions: os=win32 & cpu=x64
  languageName: node
  linkType: hard

"@isaacs/fs-minipass@npm:^4.0.0":
  version: 4.0.1
  resolution: "@isaacs/fs-minipass@npm:4.0.1"
  dependencies:
    minipass: "npm:^7.0.4"
  checksum: 10c0/c25b6dc1598790d5b55c0947a9b7d111cfa92594db5296c3b907e2f533c033666f692a3939eadac17b1c7c40d362d0b0635dc874cbfe3e70db7c2b07cc97a5d2
  languageName: node
  linkType: hard

"@noble/ciphers@npm:^1.3.0":
  version: 1.3.0
  resolution: "@noble/ciphers@npm:1.3.0"
  checksum: 10c0/3ba6da645ce45e2f35e3b2e5c87ceba86b21dfa62b9466ede9edfb397f8116dae284f06652c0cd81d99445a2262b606632e868103d54ecc99fd946ae1af8cd37
  languageName: node
  linkType: hard

"@noble/curves@npm:1.9.1":
  version: 1.9.1
  resolution: "@noble/curves@npm:1.9.1"
  dependencies:
    "@noble/hashes": "npm:1.8.0"
  checksum: 10c0/39c84dbfecdca80cfde2ecea4b06ef2ec1255a4df40158d22491d1400057a283f57b2b26c8b1331006e6e061db791f31d47764961c239437032e2f45e8888c1e
  languageName: node
  linkType: hard

"@noble/curves@npm:~1.9.0":
  version: 1.9.7
  resolution: "@noble/curves@npm:1.9.7"
  dependencies:
    "@noble/hashes": "npm:1.8.0"
  checksum: 10c0/150014751ebe8ca06a8654ca2525108452ea9ee0be23430332769f06808cddabfe84f248b6dbf836916bc869c27c2092957eec62c7506d68a1ed0a624017c2a3
  languageName: node
  linkType: hard

"@noble/hashes@npm:1.8.0, @noble/hashes@npm:^1.8.0, @noble/hashes@npm:~1.8.0":
  version: 1.8.0
  resolution: "@noble/hashes@npm:1.8.0"
  checksum: 10c0/06a0b52c81a6fa7f04d67762e08b2c476a00285858150caeaaff4037356dd5e119f45b2a530f638b77a5eeca013168ec1b655db41bae3236cb2e9d511484fc77
  languageName: node
  linkType: hard

"@rollup/rollup-android-arm-eabi@npm:4.52.4":
  version: 4.52.4
  resolution: "@rollup/rollup-android-arm-eabi@npm:4.52.4"
  conditions: os=android & cpu=arm
  languageName: node
  linkType: hard

"@rollup/rollup-android-arm64@npm:4.52.4":
  version: 4.52.4
  resolution: "@rollup/rollup-android-arm64@npm:4.52.4"
  conditions: os=android & cpu=arm64
  languageName: node
  linkType: hard

"@rollup/rollup-darwin-arm64@npm:4.52.4":
  version: 4.52.4
  resolution: "@rollup/rollup-darwin-arm64@npm:4.52.4"
  conditions: os=darwin & cpu=arm64
  languageName: node
  linkType: hard

"@rollup/rollup-darwin-x64@npm:4.52.4":
  version: 4.52.4
  resolution: "@rollup/rollup-darwin-x64@npm:4.52.4"
  conditions: os=darwin & cpu=x64
  languageName: node
  linkType: hard

"@rollup/rollup-freebsd-arm64@npm:4.52.4":
  version: 4.52.4
  resolution: "@rollup/rollup-freebsd-arm64@npm:4.52.4"
  conditions: os=freebsd & cpu=arm64
  languageName: node
  linkType: hard

"@rollup/rollup-freebsd-x64@npm:4.52.4":
  version: 4.52.4
  resolution: "@rollup/rollup-freebsd-x64@npm:4.52.4"
  conditions: os=freebsd & cpu=x64
  languageName: node
  linkType: hard

"@rollup/rollup-linux-arm-gnueabihf@npm:4.52.4":
  version: 4.52.4
  resolution: "@rollup/rollup-linux-arm-gnueabihf@npm:4.52.4"
  conditions: os=linux & cpu=arm & libc=glibc
  languageName: node
  linkType: hard

"@rollup/rollup-linux-arm-musleabihf@npm:4.52.4":
  version: 4.52.4
  resolution: "@rollup/rollup-linux-arm-musleabihf@npm:4.52.4"
  conditions: os=linux & cpu=arm & libc=musl
  languageName: node
  linkType: hard

"@rollup/rollup-linux-arm64-gnu@npm:4.52.4":
  version: 4.52.4
  resolution: "@rollup/rollup-linux-arm64-gnu@npm:4.52.4"
  conditions: os=linux & cpu=arm64 & libc=glibc
  languageName: node
  linkType: hard

"@rollup/rollup-linux-arm64-musl@npm:4.52.4":
  version: 4.52.4
  resolution: "@rollup/rollup-linux-arm64-musl@npm:4.52.4"
  conditions: os=linux & cpu=arm64 & libc=musl
  languageName: node
  linkType: hard

"@rollup/rollup-linux-loong64-gnu@npm:4.52.4":
  version: 4.52.4
  resolution: "@rollup/rollup-linux-loong64-gnu@npm:4.52.4"
  conditions: os=linux & cpu=loong64 & libc=glibc
  languageName: node
  linkType: hard

"@rollup/rollup-linux-ppc64-gnu@npm:4.52.4":
  version: 4.52.4
  resolution: "@rollup/rollup-linux-ppc64-gnu@npm:4.52.4"
  conditions: os=linux & cpu=ppc64 & libc=glibc
  languageName: node
  linkType: hard

"@rollup/rollup-linux-riscv64-gnu@npm:4.52.4":
  version: 4.52.4
  resolution: "@rollup/rollup-linux-riscv64-gnu@npm:4.52.4"
  conditions: os=linux & cpu=riscv64 & libc=glibc
  languageName: node
  linkType: hard

"@rollup/rollup-linux-riscv64-musl@npm:4.52.4":
  version: 4.52.4
  resolution: "@rollup/rollup-linux-riscv64-musl@npm:4.52.4"
  conditions: os=linux & cpu=riscv64 & libc=musl
  languageName: node
  linkType: hard

"@rollup/rollup-linux-s390x-gnu@npm:4.52.4":
  version: 4.52.4
  resolution: "@rollup/rollup-linux-s390x-gnu@npm:4.52.4"
  conditions: os=linux & cpu=s390x & libc=glibc
  languageName: node
  linkType: hard

"@rollup/rollup-linux-x64-gnu@npm:4.52.4":
  version: 4.52.4
  resolution: "@rollup/rollup-linux-x64-gnu@npm:4.52.4"
  conditions: os=linux & cpu=x64 & libc=glibc
  languageName: node
  linkType: hard

"@rollup/rollup-linux-x64-musl@npm:4.52.4":
  version: 4.52.4
  resolution: "@rollup/rollup-linux-x64-musl@npm:4.52.4"
  conditions: os=linux & cpu=x64 & libc=musl
  languageName: node
  linkType: hard

"@rollup/rollup-openharmony-arm64@npm:4.52.4":
  version: 4.52.4
  resolution: "@rollup/rollup-openharmony-arm64@npm:4.52.4"
  conditions: os=openharmony & cpu=arm64
  languageName: node
  linkType: hard

"@rollup/rollup-win32-arm64-msvc@npm:4.52.4":
  version: 4.52.4
  resolution: "@rollup/rollup-win32-arm64-msvc@npm:4.52.4"
  conditions: os=win32 & cpu=arm64
  languageName: node
  linkType: hard

"@rollup/rollup-win32-ia32-msvc@npm:4.52.4":
  version: 4.52.4
  resolution: "@rollup/rollup-win32-ia32-msvc@npm:4.52.4"
  conditions: os=win32 & cpu=ia32
  languageName: node
  linkType: hard

"@rollup/rollup-win32-x64-gnu@npm:4.52.4":
  version: 4.52.4
  resolution: "@rollup/rollup-win32-x64-gnu@npm:4.52.4"
  conditions: os=win32 & cpu=x64
  languageName: node
  linkType: hard

"@rollup/rollup-win32-x64-msvc@npm:4.52.4":
  version: 4.52.4
  resolution: "@rollup/rollup-win32-x64-msvc@npm:4.52.4"
  conditions: os=win32 & cpu=x64
  languageName: node
  linkType: hard

"@scure/base@npm:~1.2.5":
  version: 1.2.6
  resolution: "@scure/base@npm:1.2.6"
  checksum: 10c0/49bd5293371c4e062cb6ba689c8fe3ea3981b7bb9c000400dc4eafa29f56814cdcdd27c04311c2fec34de26bc373c593a1d6ca6d754398a488d587943b7c128a
  languageName: node
  linkType: hard

"@scure/bip32@npm:1.7.0, @scure/bip32@npm:^1.7.0":
  version: 1.7.0
  resolution: "@scure/bip32@npm:1.7.0"
  dependencies:
    "@noble/curves": "npm:~1.9.0"
    "@noble/hashes": "npm:~1.8.0"
    "@scure/base": "npm:~1.2.5"
  checksum: 10c0/e3d4c1f207df16abcd79babcdb74d36f89bdafc90bf02218a5140cc5cba25821d80d42957c6705f35210cc5769714ea9501d4ae34732cdd1c26c9ff182a219f7
  languageName: node
  linkType: hard

"@scure/bip39@npm:1.6.0, @scure/bip39@npm:^1.6.0":
  version: 1.6.0
  resolution: "@scure/bip39@npm:1.6.0"
  dependencies:
    "@noble/hashes": "npm:~1.8.0"
    "@scure/base": "npm:~1.2.5"
  checksum: 10c0/73a54b5566a50a3f8348a5cfd74d2092efeefc485efbed83d7a7374ffd9a75defddf446e8e5ea0385e4adb49a94b8ae83c5bad3e16333af400e932f7da3aaff8
  languageName: node
  linkType: hard

"@types/estree@npm:1.0.8":
  version: 1.0.8
  resolution: "@types/estree@npm:1.0.8"
  checksum: 10c0/39d34d1afaa338ab9763f37ad6066e3f349444f9052b9676a7cc0252ef9485a41c6d81c9c4e0d26e9077993354edf25efc853f3224dd4b447175ef62bdcc86a5
  languageName: node
  linkType: hard

"@types/node@npm:22.12.0":
  version: 22.12.0
  resolution: "@types/node@npm:22.12.0"
  dependencies:
    undici-types: "npm:~6.20.0"
  checksum: 10c0/be220706732d95db2ed1c441c1e64cab90bf9a47519ce6f4c79cc5a9ec9d5c517131a149a9ac30afac1a30103e67e3a00d453ba7c1b0141608a3a7ba6397c303
  languageName: node
  linkType: hard

"abbrev@npm:^5.0.0":
  version: 5.0.0
  resolution: "abbrev@npm:5.0.0"
  checksum: 10c0/8e88f5c798ea4562d28c5a3e9ad69e3879890bc5d695d8f2dffb8609be4c890aacc8f80ef4553fdd2c6a62d70c2ce8bc57b38074e383beb7487bdafa9ed42ea5
  languageName: node
  linkType: hard

"abitype@npm:1.1.0":
  version: 1.1.0
  resolution: "abitype@npm:1.1.0"
  peerDependencies:
    typescript: ">=5.0.4"
    zod: ^3.22.0 || ^4.0.0
  peerDependenciesMeta:
    typescript:
      optional: true
    zod:
      optional: true
  checksum: 10c0/99218d442951c60324fcd96a372c30d71ca8d5434cab62b95d5d80bae89e3024a445a90db323ef1fe4da0d749d86e815ca555a37719b06e6ca03ccad2116c45b
  languageName: node
  linkType: hard

"abitype@npm:^1.0.9":
  version: 1.1.1
  resolution: "abitype@npm:1.1.1"
  peerDependencies:
    typescript: ">=5.0.4"
    zod: ^3.22.0 || ^4.0.0
  peerDependenciesMeta:
    typescript:
      optional: true
    zod:
      optional: true
  checksum: 10c0/d52fd8195cb37cdb462ba4d1817dafdba8da403eeab50f144f251748d7458a43308ee29ea46889db2969c91c074780e6d1f00f86acd22dc5772570432ee56b9c
  languageName: node
  linkType: hard

"chownr@npm:^3.0.0":
  version: 3.0.0
  resolution: "chownr@npm:3.0.0"
  checksum: 10c0/43925b87700f7e3893296c8e9c56cc58f926411cce3a6e5898136daaf08f08b9a8eb76d37d3267e707d0dcc17aed2e2ebdf5848c0c3ce95cf910a919935c1b10
  languageName: node
  linkType: hard

"cross-spawn@npm:^7.0.6":
  version: 7.0.6
  resolution: "cross-spawn@npm:7.0.6"
  dependencies:
    path-key: "npm:^3.1.0"
    shebang-command: "npm:^2.0.0"
    which: "npm:^2.0.1"
  checksum: 10c0/053ea8b2135caff68a9e81470e845613e374e7309a47731e81639de3eaeb90c3d01af0e0b44d2ab9d50b43467223b88567dfeb3262db942dc063b9976718ffc1
  languageName: node
  linkType: hard

"dotenv-cli@npm:10.0.0":
  version: 10.0.0
  resolution: "dotenv-cli@npm:10.0.0"
  dependencies:
    cross-spawn: "npm:^7.0.6"
    dotenv: "npm:^17.1.0"
    dotenv-expand: "npm:^11.0.0"
    minimist: "npm:^1.2.6"
  bin:
    dotenv: cli.js
  checksum: 10c0/c469e65167fc3d1ef7bc6f90c8b7a0accd245ad1cdb73da8c72b32ddb308550dc4d5bfcdae964ab1f8a247957d756afc7b050d0f88fa5868c05ff6d3dfb4c1ba
  languageName: node
  linkType: hard

"dotenv-expand@npm:^11.0.0":
  version: 11.0.7
  resolution: "dotenv-expand@npm:11.0.7"
  dependencies:
    dotenv: "npm:^16.4.5"
  checksum: 10c0/d80b8a7be085edf351270b96ac0e794bc3ddd7f36157912939577cb4d33ba6492ebee349d59798b71b90e36f498d24a2a564fb4aa00073b2ef4c2a3a49c467b1
  languageName: node
  linkType: hard

"dotenv@npm:^16.4.5":
  version: 16.6.1
  resolution: "dotenv@npm:16.6.1"
  checksum: 10c0/15ce56608326ea0d1d9414a5c8ee6dcf0fffc79d2c16422b4ac2268e7e2d76ff5a572d37ffe747c377de12005f14b3cc22361e79fc7f1061cce81f77d2c973dc
  languageName: node
  linkType: hard

"dotenv@npm:^17.1.0":
  version: 17.2.3
  resolution: "dotenv@npm:17.2.3"
  checksum: 10c0/c884403209f713214a1b64d4d1defa4934c2aa5b0002f5a670ae298a51e3c3ad3ba79dfee2f8df49f01ae74290fcd9acdb1ab1d09c7bfb42b539036108bb2ba0
  languageName: node
  linkType: hard

"env-paths@npm:^2.2.0":
  version: 2.2.1
  resolution: "env-paths@npm:2.2.1"
  checksum: 10c0/285325677bf00e30845e330eec32894f5105529db97496ee3f598478e50f008c5352a41a30e5e72ec9de8a542b5a570b85699cd63bd2bc646dbcb9f311d83bc4
  languageName: node
  linkType: hard

"es-toolkit@npm:1.39.10":
  version: 1.39.10
  resolution: "es-toolkit@npm:1.39.10"
  dependenciesMeta:
    "@trivago/prettier-plugin-sort-imports@4.3.0":
      unplugged: true
    prettier-plugin-sort-re-exports@0.0.1:
      unplugged: true
  checksum: 10c0/244dd6be25bc8c7af9f085f5b9aae08169eca760fc7d4735020f8f711b6a572e0bf205400326fa85a7924e20747d315756dba1b3a5f0d2887231374ec3651a98
  languageName: node
  linkType: hard

"esbuild@npm:^0.25.0":
  version: 0.25.10
  resolution: "esbuild@npm:0.25.10"
  dependencies:
    "@esbuild/aix-ppc64": "npm:0.25.10"
    "@esbuild/android-arm": "npm:0.25.10"
    "@esbuild/android-arm64": "npm:0.25.10"
    "@esbuild/android-x64": "npm:0.25.10"
    "@esbuild/darwin-arm64": "npm:0.25.10"
    "@esbuild/darwin-x64": "npm:0.25.10"
    "@esbuild/freebsd-arm64": "npm:0.25.10"
    "@esbuild/freebsd-x64": "npm:0.25.10"
    "@esbuild/linux-arm": "npm:0.25.10"
    "@esbuild/linux-arm64": "npm:0.25.10"
    "@esbuild/linux-ia32": "npm:0.25.10"
    "@esbuild/linux-loong64": "npm:0.25.10"
    "@esbuild/linux-mips64el": "npm:0.25.10"
    "@esbuild/linux-ppc64": "npm:0.25.10"
    "@esbuild/linux-riscv64": "npm:0.25.10"
    "@esbuild/linux-s390x": "npm:0.25.10"
    "@esbuild/linux-x64": "npm:0.25.10"
    "@esbuild/netbsd-arm64": "npm:0.25.10"
    "@esbuild/netbsd-x64": "npm:0.25.10"
    "@esbuild/openbsd-arm64": "npm:0.25.10"
    "@esbuild/openbsd-x64": "npm:0.25.10"
    "@esbuild/openharmony-arm64": "npm:0.25.10"
    "@esbuild/sunos-x64": "npm:0.25.10"
    "@esbuild/win32-arm64": "npm:0.25.10"
    "@esbuild/win32-ia32": "npm:0.25.10"
    "@esbuild/win32-x64": "npm:0.25.10"
  dependenciesMeta:
    "@esbuild/aix-ppc64":
      optional: true
    "@esbuild/android-arm":
      optional: true
    "@esbuild/android-arm64":
      optional: true
    "@esbuild/android-x64":
      optional: true
    "@esbuild/darwin-arm64":
      optional: true
    "@esbuild/darwin-x64":
      optional: true
    "@esbuild/freebsd-arm64":
      optional: true
    "@esbuild/freebsd-x64":
      optional: true
    "@esbuild/linux-arm":
      optional: true
    "@esbuild/linux-arm64":
      optional: true
    "@esbuild/linux-ia32":
      optional: true
    "@esbuild/linux-loong64":
      optional: true
    "@esbuild/linux-mips64el":
      optional: true
    "@esbuild/linux-ppc64":
      optional: true
    "@esbuild/linux-riscv64":
      optional: true
    "@esbuild/linux-s390x":
      optional: true
    "@esbuild/linux-x64":
      optional: true
    "@esbuild/netbsd-arm64":
      optional: true
    "@esbuild/netbsd-x64":
      optional: true
    "@esbuild/openbsd-arm64":
      optional: true
    "@esbuild/openbsd-x64":
      optional: true
    "@esbuild/openharmony-arm64":
      optional: true
    "@esbuild/sunos-x64":
      optional: true
    "@esbuild/win32-arm64":
      optional: true
    "@esbuild/win32-ia32":
      optional: true
    "@esbuild/win32-x64":
      optional: true
  bin:
    esbuild: bin/esbuild
  checksum: 10c0/8ee5fdd43ed0d4092ce7f41577c63147f54049d5617763f0549c638bbe939e8adaa8f1a2728adb63417eb11df51956b7b0d8eb88ee08c27ad1d42960256158fa
  languageName: node
  linkType: hard

"eventemitter3@npm:5.0.1":
  version: 5.0.1
  resolution: "eventemitter3@npm:5.0.1"
  checksum: 10c0/4ba5c00c506e6c786b4d6262cfbce90ddc14c10d4667e5c83ae993c9de88aa856033994dd2b35b83e8dc1170e224e66a319fa80adc4c32adcd2379bbc75da814
  languageName: node
  linkType: hard

"exponential-backoff@npm:^3.1.1":
  version: 3.1.3
  resolution: "exponential-backoff@npm:3.1.3"
  checksum: 10c0/77e3ae682b7b1f4972f563c6dbcd2b0d54ac679e62d5d32f3e5085feba20483cf28bd505543f520e287a56d4d55a28d7874299941faf637e779a1aa5994d1267
  languageName: node
  linkType: hard

"fdir@npm:^6.4.4, fdir@npm:^6.5.0":
  version: 6.5.0
  resolution: "fdir@npm:6.5.0"
  peerDependencies:
    picomatch: ^3 || ^4
  peerDependenciesMeta:
    picomatch:
      optional: true
  checksum: 10c0/e345083c4306b3aed6cb8ec551e26c36bab5c511e99ea4576a16750ddc8d3240e63826cc624f5ae17ad4dc82e68a253213b60d556c11bfad064b7607847ed07f
  languageName: node
  linkType: hard

"fsevents@npm:~2.3.2, fsevents@npm:~2.3.3":
  version: 2.3.3
  resolution: "fsevents@npm:2.3.3"
  dependencies:
    node-gyp: "npm:latest"
  checksum: 10c0/a1f0c44595123ed717febbc478aa952e47adfc28e2092be66b8ab1635147254ca6cfe1df792a8997f22716d4cbafc73309899ff7bfac2ac3ad8cf2e4ecc3ec60
  conditions: os=darwin
  languageName: node
  linkType: hard

"fsevents@patch:fsevents@npm%3A~2.3.2#optional!builtin<compat/fsevents>, fsevents@patch:fsevents@npm%3A~2.3.3#optional!builtin<compat/fsevents>":
  version: 2.3.3
  resolution: "fsevents@patch:fsevents@npm%3A2.3.3#optional!builtin<compat/fsevents>::version=2.3.3&hash=df0bf1"
  dependencies:
    node-gyp: "npm:latest"
  conditions: os=darwin
  languageName: node
  linkType: hard

"graceful-fs@npm:^4.2.6":
  version: 4.2.11
  resolution: "graceful-fs@npm:4.2.11"
  checksum: 10c0/386d011a553e02bc594ac2ca0bd6d9e4c22d7fa8cfbfc448a6d148c59ea881b092db9dbe3547ae4b88e55f1b01f7c4a2ecc53b310c042793e63aa44cf6c257f2
  languageName: node
  linkType: hard

"isexe@npm:^2.0.0":
  version: 2.0.0
  resolution: "isexe@npm:2.0.0"
  checksum: 10c0/228cfa503fadc2c31596ab06ed6aa82c9976eec2bfd83397e7eaf06d0ccf42cd1dfd6743bf9aeb01aebd4156d009994c5f76ea898d2832c1fe342da923ca457d
  languageName: node
  linkType: hard

"isexe@npm:^4.0.0":
  version: 4.0.0
  resolution: "isexe@npm:4.0.0"
  checksum: 10c0/5884815115bceac452877659a9c7726382531592f43dc29e5d48b7c4100661aed54018cb90bd36cb2eaeba521092570769167acbb95c18d39afdccbcca06c5ce
  languageName: node
  linkType: hard

"isows@npm:1.0.7":
  version: 1.0.7
  resolution: "isows@npm:1.0.7"
  peerDependencies:
    ws: "*"
  checksum: 10c0/43c41fe89c7c07258d0be3825f87e12da8ac9023c5b5ae6741ec00b2b8169675c04331ea73ef8c172d37a6747066f4dc93947b17cd369f92828a3b3e741afbda
  languageName: node
  linkType: hard

"minimist@npm:^1.2.6":
  version: 1.2.8
  resolution: "minimist@npm:1.2.8"
  checksum: 10c0/19d3fcdca050087b84c2029841a093691a91259a47def2f18222f41e7645a0b7c44ef4b40e88a1e58a40c84d2ef0ee6047c55594d298146d0eb3f6b737c20ce6
  languageName: node
  linkType: hard

"minipass@npm:^7.0.4, minipass@npm:^7.1.2":
  version: 7.1.3
  resolution: "minipass@npm:7.1.3"
  checksum: 10c0/539da88daca16533211ea5a9ee98dc62ff5742f531f54640dd34429e621955e91cc280a91a776026264b7f9f6735947629f920944e9c1558369e8bf22eb33fbb
  languageName: node
  linkType: hard

"minizlib@npm:^3.1.0":
  version: 3.1.0
  resolution: "minizlib@npm:3.1.0"
  dependencies:
    minipass: "npm:^7.1.2"
  checksum: 10c0/5aad75ab0090b8266069c9aabe582c021ae53eb33c6c691054a13a45db3b4f91a7fb1bd79151e6b4e9e9a86727b522527c0a06ec7d45206b745d54cd3097bcec
  languageName: node
  linkType: hard

"nanoid@npm:^3.3.11":
  version: 3.3.11
  resolution: "nanoid@npm:3.3.11"
  bin:
    nanoid: bin/nanoid.cjs
  checksum: 10c0/40e7f70b3d15f725ca072dfc4f74e81fcf1fbb02e491cf58ac0c79093adc9b0a73b152bcde57df4b79cd097e13023d7504acb38404a4da7bc1cd8e887b82fe0b
  languageName: node
  linkType: hard

"node-gyp@npm:latest":
  version: 13.0.1
  resolution: "node-gyp@npm:13.0.1"
  dependencies:
    env-paths: "npm:^2.2.0"
    exponential-backoff: "npm:^3.1.1"
    graceful-fs: "npm:^4.2.6"
    nopt: "npm:^10.0.0"
    proc-log: "npm:^7.0.0"
    semver: "npm:^7.3.5"
    tar: "npm:^7.5.4"
    tinyglobby: "npm:^0.2.12"
    undici: "npm:^8.4.1"
    which: "npm:^7.0.0"
  bin:
    node-gyp: bin/node-gyp.js
  checksum: 10c0/424077bc9e9bbe953a8e86db473ba818cbc6a121714008c977fd589e21e5f0c811fbf22faac730dc7182450b5e52df301811d01ae3373898658d999b7710f4e6
  languageName: node
  linkType: hard

"nopt@npm:^10.0.0":
  version: 10.0.1
  resolution: "nopt@npm:10.0.1"
  dependencies:
    abbrev: "npm:^5.0.0"
  bin:
    nopt: bin/nopt.js
  checksum: 10c0/980d89257f9587f3e1f77877ddbf905d6aa3b738ec33e49a4fa1a059a0dd82eb28063982b150654a7ae9de386f2ead60e56172db7d37cf56de545f7392a2a26a
  languageName: node
  linkType: hard

"ox@npm:0.9.6":
  version: 0.9.6
  resolution: "ox@npm:0.9.6"
  dependencies:
    "@adraffy/ens-normalize": "npm:^1.11.0"
    "@noble/ciphers": "npm:^1.3.0"
    "@noble/curves": "npm:1.9.1"
    "@noble/hashes": "npm:^1.8.0"
    "@scure/bip32": "npm:^1.7.0"
    "@scure/bip39": "npm:^1.6.0"
    abitype: "npm:^1.0.9"
    eventemitter3: "npm:5.0.1"
  peerDependencies:
    typescript: ">=5.4.0"
  peerDependenciesMeta:
    typescript:
      optional: true
  checksum: 10c0/559b39051f80a25352e1ca6e7aba6e04f60c4e29f98e4ef3ec0c8d2b0432d400004ce09d2991200eaf21745179af47367dc28c553da43403dd0b69c2453ebabe
  languageName: node
  linkType: hard

"path-key@npm:^3.1.0":
  version: 3.1.1
  resolution: "path-key@npm:3.1.1"
  checksum: 10c0/748c43efd5a569c039d7a00a03b58eecd1d75f3999f5a28303d75f521288df4823bc057d8784eb72358b2895a05f29a070bc9f1f17d28226cc4e62494cc58c4c
  languageName: node
  linkType: hard

"picocolors@npm:^1.1.1":
  version: 1.1.1
  resolution: "picocolors@npm:1.1.1"
  checksum: 10c0/e2e3e8170ab9d7c7421969adaa7e1b31434f789afb9b3f115f6b96d91945041ac3ceb02e9ec6fe6510ff036bcc0bf91e69a1772edc0b707e12b19c0f2d6bcf58
  languageName: node
  linkType: hard

"picomatch@npm:^4.0.2, picomatch@npm:^4.0.3":
  version: 4.0.3
  resolution: "picomatch@npm:4.0.3"
  checksum: 10c0/9582c951e95eebee5434f59e426cddd228a7b97a0161a375aed4be244bd3fe8e3a31b846808ea14ef2c8a2527a6eeab7b3946a67d5979e81694654f939473ae2
  languageName: node
  linkType: hard

"picomatch@npm:^4.0.4":
  version: 4.0.5
  resolution: "picomatch@npm:4.0.5"
  checksum: 10c0/947bc6b6e1ff1e6c5aaf95b107a0839d12802f4f7b867663f67d47accba939ca1cb582cf99dfc30438efa1c4648ac5990967e783e8929c36b03e8440704ef1bd
  languageName: node
  linkType: hard

"postcss@npm:^8.5.3":
  version: 8.5.6
  resolution: "postcss@npm:8.5.6"
  dependencies:
    nanoid: "npm:^3.3.11"
    picocolors: "npm:^1.1.1"
    source-map-js: "npm:^1.2.1"
  checksum: 10c0/5127cc7c91ed7a133a1b7318012d8bfa112da9ef092dddf369ae699a1f10ebbd89b1b9f25f3228795b84585c72aabd5ced5fc11f2ba467eedf7b081a66fad024
  languageName: node
  linkType: hard

"proc-log@npm:^7.0.0":
  version: 7.0.0
  resolution: "proc-log@npm:7.0.0"
  checksum: 10c0/b89c2d862604f35fec795477b0c7e376feab3ba0d4f4d291c4e959567442697cf451ac557d0623c1cc38af45a78128b983410f397a10c5d3a67f76c33de4754b
  languageName: node
  linkType: hard

"rollup@npm:^4.34.9":
  version: 4.52.4
  resolution: "rollup@npm:4.52.4"
  dependencies:
    "@rollup/rollup-android-arm-eabi": "npm:4.52.4"
    "@rollup/rollup-android-arm64": "npm:4.52.4"
    "@rollup/rollup-darwin-arm64": "npm:4.52.4"
    "@rollup/rollup-darwin-x64": "npm:4.52.4"
    "@rollup/rollup-freebsd-arm64": "npm:4.52.4"
    "@rollup/rollup-freebsd-x64": "npm:4.52.4"
    "@rollup/rollup-linux-arm-gnueabihf": "npm:4.52.4"
    "@rollup/rollup-linux-arm-musleabihf": "npm:4.52.4"
    "@rollup/rollup-linux-arm64-gnu": "npm:4.52.4"
    "@rollup/rollup-linux-arm64-musl": "npm:4.52.4"
    "@rollup/rollup-linux-loong64-gnu": "npm:4.52.4"
    "@rollup/rollup-linux-ppc64-gnu": "npm:4.52.4"
    "@rollup/rollup-linux-riscv64-gnu": "npm:4.52.4"
    "@rollup/rollup-linux-riscv64-musl": "npm:4.52.4"
    "@rollup/rollup-linux-s390x-gnu": "npm:4.52.4"
    "@rollup/rollup-linux-x64-gnu": "npm:4.52.4"
    "@rollup/rollup-linux-x64-musl": "npm:4.52.4"
    "@rollup/rollup-openharmony-arm64": "npm:4.52.4"
    "@rollup/rollup-win32-arm64-msvc": "npm:4.52.4"
    "@rollup/rollup-win32-ia32-msvc": "npm:4.52.4"
    "@rollup/rollup-win32-x64-gnu": "npm:4.52.4"
    "@rollup/rollup-win32-x64-msvc": "npm:4.52.4"
    "@types/estree": "npm:1.0.8"
    fsevents: "npm:~2.3.2"
  dependenciesMeta:
    "@rollup/rollup-android-arm-eabi":
      optional: true
    "@rollup/rollup-android-arm64":
      optional: true
    "@rollup/rollup-darwin-arm64":
      optional: true
    "@rollup/rollup-darwin-x64":
      optional: true
    "@rollup/rollup-freebsd-arm64":
      optional: true
    "@rollup/rollup-freebsd-x64":
      optional: true
    "@rollup/rollup-linux-arm-gnueabihf":
      optional: true
    "@rollup/rollup-linux-arm-musleabihf":
      optional: true
    "@rollup/rollup-linux-arm64-gnu":
      optional: true
    "@rollup/rollup-linux-arm64-musl":
      optional: true
    "@rollup/rollup-linux-loong64-gnu":
      optional: true
    "@rollup/rollup-linux-ppc64-gnu":
      optional: true
    "@rollup/rollup-linux-riscv64-gnu":
      optional: true
    "@rollup/rollup-linux-riscv64-musl":
      optional: true
    "@rollup/rollup-linux-s390x-gnu":
      optional: true
    "@rollup/rollup-linux-x64-gnu":
      optional: true
    "@rollup/rollup-linux-x64-musl":
      optional: true
    "@rollup/rollup-openharmony-arm64":
      optional: true
    "@rollup/rollup-win32-arm64-msvc":
      optional: true
    "@rollup/rollup-win32-ia32-msvc":
      optional: true
    "@rollup/rollup-win32-x64-gnu":
      optional: true
    "@rollup/rollup-win32-x64-msvc":
      optional: true
    fsevents:
      optional: true
  bin:
    rollup: dist/bin/rollup
  checksum: 10c0/aaec0f57e887d4fb37d152f93cf7133954eec79d11643e95de768ec9a377f08793b1745c648ca65a0dcc6c795c4d9ca398724d013e5745de270e88a543782aea
  languageName: node
  linkType: hard

"semver@npm:^7.3.5":
  version: 7.8.5
  resolution: "semver@npm:7.8.5"
  bin:
    semver: bin/semver.js
  checksum: 10c0/b1f3127a5be8125a94f37188b361c212466c292c6910adce3ec106cff5dc211ccaedc4739c11bb70fda59d6fc1f040a9bca289f4e093451521a2372e5231fe0c
  languageName: node
  linkType: hard

"shebang-command@npm:^2.0.0":
  version: 2.0.0
  resolution: "shebang-command@npm:2.0.0"
  dependencies:
    shebang-regex: "npm:^3.0.0"
  checksum: 10c0/a41692e7d89a553ef21d324a5cceb5f686d1f3c040759c50aab69688634688c5c327f26f3ecf7001ebfd78c01f3c7c0a11a7c8bfd0a8bc9f6240d4f40b224e4e
  languageName: node
  linkType: hard

"shebang-regex@npm:^3.0.0":
  version: 3.0.0
  resolution: "shebang-regex@npm:3.0.0"
  checksum: 10c0/1dbed0726dd0e1152a92696c76c7f06084eb32a90f0528d11acd764043aacf76994b2fb30aa1291a21bd019d6699164d048286309a278855ee7bec06cf6fb690
  languageName: node
  linkType: hard

"source-map-js@npm:^1.2.1":
  version: 1.2.1
  resolution: "source-map-js@npm:1.2.1"
  checksum: 10c0/7bda1fc4c197e3c6ff17de1b8b2c20e60af81b63a52cb32ec5a5d67a20a7d42651e2cb34ebe93833c5a2a084377e17455854fee3e21e7925c64a51b6a52b0faf
  languageName: node
  linkType: hard

"tar@npm:^7.5.4":
  version: 7.5.22
  resolution: "tar@npm:7.5.22"
  dependencies:
    "@isaacs/fs-minipass": "npm:^4.0.0"
    chownr: "npm:^3.0.0"
    minipass: "npm:^7.1.2"
    minizlib: "npm:^3.1.0"
    yallist: "npm:^5.0.0"
  checksum: 10c0/1311f6be85a8157ac4c9147bae43e13923d2a1aae15e4aa1bd5239e4e03d2cf53cfe103dde7f35832fbb4c938b042856bc8e9a0afd29abd05e2d1608788c4fea
  languageName: node
  linkType: hard

"tinyglobby@npm:^0.2.12":
  version: 0.2.17
  resolution: "tinyglobby@npm:0.2.17"
  dependencies:
    fdir: "npm:^6.5.0"
    picomatch: "npm:^4.0.4"
  checksum: 10c0/7f7bb0f197c88bc4b20c231e0deca4240ca3bf313a88f5a7fee93a872b84966a4d50220947c0455ad07a60b3b360961c5b7fd979222aeb716a9f99b412002e4c
  languageName: node
  linkType: hard

"tinyglobby@npm:^0.2.13":
  version: 0.2.15
  resolution: "tinyglobby@npm:0.2.15"
  dependencies:
    fdir: "npm:^6.5.0"
    picomatch: "npm:^4.0.3"
  checksum: 10c0/869c31490d0d88eedb8305d178d4c75e7463e820df5a9b9d388291daf93e8b1eb5de1dad1c1e139767e4269fe75f3b10d5009b2cc14db96ff98986920a186844
  languageName: node
  linkType: hard

"typescript@npm:5.4.2":
  version: 5.4.2
  resolution: "typescript@npm:5.4.2"
  bin:
    tsc: bin/tsc
    tsserver: bin/tsserver
  checksum: 10c0/583ff68cafb0c076695f72d61df6feee71689568179fb0d3a4834dac343df6b6ed7cf7b6f6c801fa52d43cd1d324e2f2d8ae4497b09f9e6cfe3d80a6d6c9ca52
  languageName: node
  linkType: hard

"typescript@patch:typescript@npm%3A5.4.2#optional!builtin<compat/typescript>":
  version: 5.4.2
  resolution: "typescript@patch:typescript@npm%3A5.4.2#optional!builtin<compat/typescript>::version=5.4.2&hash=5adc0c"
  bin:
    tsc: bin/tsc
    tsserver: bin/tsserver
  checksum: 10c0/fcf6658073d07283910d9a0e04b1d5d0ebc822c04dbb7abdd74c3151c7aa92fcddbac7d799404e358197222006ccdc4c0db219d223d2ee4ccd9e2b01333b49be
  languageName: node
  linkType: hard

"undici-types@npm:~6.20.0":
  version: 6.20.0
  resolution: "undici-types@npm:6.20.0"
  checksum: 10c0/68e659a98898d6a836a9a59e6adf14a5d799707f5ea629433e025ac90d239f75e408e2e5ff086afc3cace26f8b26ee52155293564593fbb4a2f666af57fc59bf
  languageName: node
  linkType: hard

"undici@npm:^8.4.1":
  version: 8.10.0
  resolution: "undici@npm:8.10.0"
  checksum: 10c0/37ae2b1db8f65c3a003504e2040e96887b99f9db16ba07dcf49c37ed8b7f8c72f4452f2d46f52f7c9e49518fe8325e3b5e7e02ac3a2424886bd67d4b62a0ecab
  languageName: node
  linkType: hard

"viem@npm:2.38.6":
  version: 2.38.6
  resolution: "viem@npm:2.38.6"
  dependencies:
    "@noble/curves": "npm:1.9.1"
    "@noble/hashes": "npm:1.8.0"
    "@scure/bip32": "npm:1.7.0"
    "@scure/bip39": "npm:1.6.0"
    abitype: "npm:1.1.0"
    isows: "npm:1.0.7"
    ox: "npm:0.9.6"
    ws: "npm:8.18.3"
  peerDependencies:
    typescript: ">=5.0.4"
  peerDependenciesMeta:
    typescript:
      optional: true
  checksum: 10c0/9b8571bc9d7dfc414eb72700275ac71b9402cbf4fe3e447501d252cbc43cb7ddf9ce01a16c183fac265d071873d209efc2a459462c724624ef855d941d3447f0
  languageName: node
  linkType: hard

"vite@npm:6.4.1":
  version: 6.4.1
  resolution: "vite@npm:6.4.1"
  dependencies:
    esbuild: "npm:^0.25.0"
    fdir: "npm:^6.4.4"
    fsevents: "npm:~2.3.3"
    picomatch: "npm:^4.0.2"
    postcss: "npm:^8.5.3"
    rollup: "npm:^4.34.9"
    tinyglobby: "npm:^0.2.13"
  peerDependencies:
    "@types/node": ^18.0.0 || ^20.0.0 || >=22.0.0
    jiti: ">=1.21.0"
    less: "*"
    lightningcss: ^1.21.0
    sass: "*"
    sass-embedded: "*"
    stylus: "*"
    sugarss: "*"
    terser: ^5.16.0
    tsx: ^4.8.1
    yaml: ^2.4.2
  dependenciesMeta:
    fsevents:
      optional: true
  peerDependenciesMeta:
    "@types/node":
      optional: true
    jiti:
      optional: true
    less:
      optional: true
    lightningcss:
      optional: true
    sass:
      optional: true
    sass-embedded:
      optional: true
    stylus:
      optional: true
    sugarss:
      optional: true
    terser:
      optional: true
    tsx:
      optional: true
    yaml:
      optional: true
  bin:
    vite: bin/vite.js
  checksum: 10c0/77bb4c5b10f2a185e7859cc9a81c789021bc18009b02900347d1583b453b58e4b19ff07a5e5a5b522b68fc88728460bb45a63b104d969e8c6a6152aea3b849f7
  languageName: node
  linkType: hard

"which@npm:^2.0.1":
  version: 2.0.2
  resolution: "which@npm:2.0.2"
  dependencies:
    isexe: "npm:^2.0.0"
  bin:
    node-which: ./bin/node-which
  checksum: 10c0/66522872a768b60c2a65a57e8ad184e5372f5b6a9ca6d5f033d4b0dc98aff63995655a7503b9c0a2598936f532120e81dd8cc155e2e92ed662a2b9377cc4374f
  languageName: node
  linkType: hard

"which@npm:^7.0.0":
  version: 7.0.0
  resolution: "which@npm:7.0.0"
  dependencies:
    isexe: "npm:^4.0.0"
  bin:
    node-which: bin/which.js
  checksum: 10c0/ca0b54f198f78bbc4b7c02e34bda8d335cb352e0adb4cbca1c37b1a957af3a879a82c4c27ca6525bc942f548d8b64f816ef6528360af9f3de55ffb9b979b620d
  languageName: node
  linkType: hard

"ws@npm:8.18.3":
  version: 8.18.3
  resolution: "ws@npm:8.18.3"
  peerDependencies:
    bufferutil: ^4.0.1
    utf-8-validate: ">=5.0.2"
  peerDependenciesMeta:
    bufferutil:
      optional: true
    utf-8-validate:
      optional: true
  checksum: 10c0/eac918213de265ef7cb3d4ca348b891a51a520d839aa51cdb8ca93d4fa7ff9f6ccb339ccee89e4075324097f0a55157c89fa3f7147bde9d8d7e90335dc087b53
  languageName: node
  linkType: hard

"yallist@npm:^5.0.0":
  version: 5.0.0
  resolution: "yallist@npm:5.0.0"
  checksum: 10c0/a499c81ce6d4a1d260d4ea0f6d49ab4da09681e32c3f0472dee16667ed69d01dae63a3b81745a24bd78476ec4fcf856114cb4896ace738e01da34b2c42235416
  languageName: node
  linkType: hard
